{
  "name": "monitor-pc",
  "version": "1.0.0",
  "lockfileVersion": 1,
  "requires": true,
  "dependencies": {
    "@blueking/paas-login": {
      "version": "0.0.6",
      "resolved": "https://registry.npmjs.org/@blueking/paas-login/-/paas-login-0.0.6.tgz",
      "integrity": "sha512-Zt4PzFIHyVLarul0Ky8p1/Vaq5p359WCkEtBRfo+Esoa7oxDZ8ilVw57VUKa300OgwOX+uD0GSOc4KkPdmSytg=="
    },
    "@blueking/user-selector": {
      "version": "1.0.5-beta.2",
      "resolved": "https://registry.npmjs.org/@blueking/user-selector/-/user-selector-1.0.5-beta.2.tgz",
      "integrity": "sha512-4Ba9xEh/Jecjuoy4rFJ4/hfTaJGynWIPSajZ0lieQdMwABsGfH/7Nq5OaZqDf7ko9MHVJa0h/q1O5b24FjOqkQ==",
      "requires": {
        "@icon-cool/bk-icon-bk-biz-components": "^0.0.4",
        "lodash.throttle": "^4.1.1",
        "tippy.js": "^6.2.3",
        "vue": "^2.5.22"
      }
    },
    "@icon-cool/bk-icon-bk-biz-components": {
      "version": "0.0.4",
      "resolved": "https://registry.npmjs.org/@icon-cool/bk-icon-bk-biz-components/-/bk-icon-bk-biz-components-0.0.4.tgz",
      "integrity": "sha512-6RnPbu3urilXn6AP+vIyN5tabqGCTyzUrAGZzeR0Stw4TfJbha+4hvj0GOR7pmbG3Jd5DAXeGONP2I3LUELb0A=="
    },
    "@popperjs/core": {
      "version": "2.6.0",
      "resolved": "https://registry.npmjs.org/@popperjs/core/-/core-2.6.0.tgz",
      "integrity": "sha512-cPqjjzuFWNK3BSKLm0abspP0sp/IGOli4p5I5fKFAzdS8fvjdOwDCfZqAaIiXd9lPkOWi3SUUfZof3hEb7J/uw=="
    },
    "@types/echarts": {
      "version": "4.6.2",
      "resolved": "https://registry.npmjs.org/@types/echarts/-/echarts-4.6.2.tgz",
      "integrity": "sha512-ovishXXoibnoPTgevsmZuuoVaHGzFlvBEsGzcdldlRwxiUsL+ChOfRat5JRWv5W2zUHxkposYQw+m0aDJM+S3Q==",
      "dev": true,
      "requires": {
        "@types/zrender": "*"
      }
    },
    "@types/zrender": {
      "version": "4.0.0",
      "resolved": "https://registry.npmjs.org/@types/zrender/-/zrender-4.0.0.tgz",
      "integrity": "sha512-s89GOIeKFiod2KSqHkfd2rzx+T2DVu7ihZCBEBnhFrzvQPUmzvDSBot9Fi1DfMQm9Odg+rTqoMGC38RvrwJK2w==",
      "dev": true
    },
    "adler-32": {
      "version": "1.2.0",
      "resolved": "https://registry.npmjs.org/adler-32/-/adler-32-1.2.0.tgz",
      "integrity": "sha1-aj5r8KY5ALoVZSgIyxXGgT0aXyU=",
      "requires": {
        "exit-on-epipe": "~1.0.1",
        "printj": "~1.1.0"
      }
    },
    "async-validator": {
      "version": "1.8.5",
      "resolved": "https://registry.npmjs.org/async-validator/-/async-validator-1.8.5.tgz",
      "integrity": "sha512-tXBM+1m056MAX0E8TL2iCjg8WvSyXu0Zc8LNtYqrVeyoL3+esHRZ4SieE9fKQyyU09uONjnMEjrNBMqT0mbvmA==",
      "requires": {
        "babel-runtime": "6.x"
      }
    },
    "babel-helper-vue-jsx-merge-props": {
      "version": "2.0.3",
      "resolved": "https://registry.npmjs.org/babel-helper-vue-jsx-merge-props/-/babel-helper-vue-jsx-merge-props-2.0.3.tgz",
      "integrity": "sha512-gsLiKK7Qrb7zYJNgiXKpXblxbV5ffSwR0f5whkPAaBAR4fhi6bwRZxX9wBlIc5M/v8CCkXUbXZL4N/nSE97cqg=="
    },
    "babel-runtime": {
      "version": "6.26.0",
      "resolved": "https://registry.npmjs.org/babel-runtime/-/babel-runtime-6.26.0.tgz",
      "integrity": "sha1-llxwWGaOgrVde/4E/yM3vItWR/4=",
      "requires": {
        "core-js": "^2.4.0",
        "regenerator-runtime": "^0.11.0"
      }
    },
    "bk-magic-vue": {
      "version": "2.3.2-beta.5",
      "resolved": "https://registry.npmjs.org/bk-magic-vue/-/bk-magic-vue-2.3.2-beta.5.tgz",
      "integrity": "sha512-0grZi3vkbCQd1EaPuPL24fBOMn7DEE96Km67COQzK8TePOnIrjor4Xnci4lo/uKC2B+gZAPRncmsVcANLl4GdA==",
      "requires": {
        "highlight.js": "^10.7.2",
        "tinycolor2": "^1.4.1"
      }
    },
    "cfb": {
      "version": "1.1.4",
      "resolved": "https://registry.npmjs.org/cfb/-/cfb-1.1.4.tgz",
      "integrity": "sha512-rwFkl3aFO3f+ljR27YINwC0x8vPjyiEVbYbrTCKzspEf7Q++3THdfHVgJYNUbxNcupJECrLX+L40Mjm9hm/Bgw==",
      "requires": {
        "adler-32": "~1.2.0",
        "commander": "^2.16.0",
        "crc-32": "~1.2.0",
        "printj": "~1.1.2"
      }
    },
    "codemirror": {
      "version": "5.53.2",
      "resolved": "https://registry.npmjs.org/codemirror/-/codemirror-5.53.2.tgz",
      "integrity": "sha512-wvSQKS4E+P8Fxn/AQ+tQtJnF1qH5UOlxtugFLpubEZ5jcdH2iXTVinb+Xc/4QjshuOxRm4fUsU2QPF1JJKiyXA=="
    },
    "codepage": {
      "version": "1.14.0",
      "resolved": "https://registry.npmjs.org/codepage/-/codepage-1.14.0.tgz",
      "integrity": "sha1-jL4lSBMjVZ19MHVxsP/5HnodL5k=",
      "requires": {
        "commander": "~2.14.1",
        "exit-on-epipe": "~1.0.1"
      },
      "dependencies": {
        "commander": {
          "version": "2.14.1",
          "resolved": "https://registry.npmjs.org/commander/-/commander-2.14.1.tgz",
          "integrity": "sha512-+YR16o3rK53SmWHU3rEM3tPAh2rwb1yPcQX5irVn7mb0gXbwuCCrnkbV5+PBfETdfg1vui07nM6PCG1zndcjQw=="
        }
      }
    },
    "commander": {
      "version": "2.17.1",
      "resolved": "https://registry.npmjs.org/commander/-/commander-2.17.1.tgz",
      "integrity": "sha512-wPMUt6FnH2yzG95SA6mzjQOEKUU3aLaDEmzs1ti+1E9h+CsrZghRlqEM/EJ4KscsQVG8uNN4uVreUeT8+drlgg=="
    },
    "core-js": {
      "version": "2.6.11",
      "resolved": "https://registry.npmjs.org/core-js/-/core-js-2.6.11.tgz",
      "integrity": "sha512-5wjnpaT/3dV+XB4borEsnAYQchn00XSgTAWKDkEqv+K8KevjbzmofK6hfJ9TZIlpj2N0xQpazy7PiRQiWHqzWg=="
    },
    "crc-32": {
      "version": "1.2.0",
      "resolved": "https://registry.npmjs.org/crc-32/-/crc-32-1.2.0.tgz",
      "integrity": "sha512-1uBwHxF+Y/4yF5G48fwnKq6QsIXheor3ZLPT80yGBV1oEUwpPojlEhQbWKVw1VwcTQyMGHK1/XMmTjmlsmTTGA==",
      "requires": {
        "exit-on-epipe": "~1.0.1",
        "printj": "~1.1.0"
      }
    },
    "deepmerge": {
      "version": "4.2.2",
      "resolved": "https://registry.npmjs.org/deepmerge/-/deepmerge-4.2.2.tgz",
      "integrity": "sha512-FJ3UgI4gIl+PHZm53knsuSFpE+nESMr7M4v9QcgB7S63Kj/6WqMiFQJpBBYz1Pt+66bZpP3Q7Lye0Oo9MPKEdg=="
    },
    "domhelpers": {
      "version": "0.1.0",
      "resolved": "https://registry.npmjs.org/domhelpers/-/domhelpers-0.1.0.tgz",
      "integrity": "sha1-gwjhrV/WieRMcl0VL0jOgqfCFHo="
    },
    "element-ui": {
      "version": "2.7.2",
      "resolved": "https://registry.npmjs.org/element-ui/-/element-ui-2.7.2.tgz",
      "integrity": "sha512-Exh9QTkm9gwMMPzg1TyaTlBKyr3k4K9XcC5vl0A/mneDvJX//RsURGuOWsCNDVQMdhh5h9e+W5icosh+pKfbCg==",
      "requires": {
        "async-validator": "~1.8.1",
        "babel-helper-vue-jsx-merge-props": "^2.0.0",
        "deepmerge": "^1.2.0",
        "normalize-wheel": "^1.0.1",
        "resize-observer-polyfill": "^1.5.0",
        "throttle-debounce": "^1.0.1"
      },
      "dependencies": {
        "deepmerge": {
          "version": "1.5.2",
          "resolved": "https://registry.npmjs.org/deepmerge/-/deepmerge-1.5.2.tgz",
          "integrity": "sha512-95k0GDqvBjZavkuvzx/YqVLv/6YYa17fz6ILMSf7neqQITCPbnfEnQvEgMPNjH4kgobe7+WIL0yJEHku+H3qtQ=="
        }
      }
    },
    "exit-on-epipe": {
      "version": "1.0.1",
      "resolved": "https://registry.npmjs.org/exit-on-epipe/-/exit-on-epipe-1.0.1.tgz",
      "integrity": "sha512-h2z5mrROTxce56S+pnvAV890uu7ls7f1kEvVGJbw1OlFH3/mlJ5bkXu0KRyW94v37zzHPiUd55iLn3DA7TjWpw=="
    },
    "frac": {
      "version": "1.1.2",
      "resolved": "https://registry.npmjs.org/frac/-/frac-1.1.2.tgz",
      "integrity": "sha512-w/XBfkibaTl3YDqASwfDUqkna4Z2p9cFSr1aHDt0WoMTECnRfBOv2WArlZILlqgWlmdIlALXGpM2AOhEk5W3IA=="
    },
    "highcharts": {
      "version": "6.2.0",
      "resolved": "https://registry.npmjs.org/highcharts/-/highcharts-6.2.0.tgz",
      "integrity": "sha512-A4E89MA+kto8giic7zyLU6ZxfXnVeCUlKOyzFsah3+n4BROx4bgonl92KIBtwLud/mIWir8ahqhuhe2by9LakQ=="
    },
    "highlight.js": {
      "version": "10.7.3",
      "resolved": "https://registry.npmjs.org/highlight.js/-/highlight.js-10.7.3.tgz",
      "integrity": "sha512-tzcUFauisWKNHaRkN4Wjl/ZA07gENAjFl3J/c480dprkGTg5EQstgaNFqBfUqCq54kZRIEcreTsAgF/m2quD7A=="
    },
    "html-to-image": {
      "version": "0.1.1",
      "resolved": "https://registry.npmjs.org/html-to-image/-/html-to-image-0.1.1.tgz",
      "integrity": "sha512-UAjpXmokENeOyzfLwL0+zQ502lXyg6pkzVUmRjtljOH9dR/YdEYQhWrQ/O14hmH5/1L7jv1aOupU4Zi3Y8+iow=="
    },
    "lodash.throttle": {
      "version": "4.1.1",
      "resolved": "https://registry.npmjs.org/lodash.throttle/-/lodash.throttle-4.1.1.tgz",
      "integrity": "sha1-wj6RtxAkKscMN/HhzaknTMOb8vQ="
    },
    "moment": {
      "version": "2.25.3",
      "resolved": "https://registry.npmjs.org/moment/-/moment-2.25.3.tgz",
      "integrity": "sha512-PuYv0PHxZvzc15Sp8ybUCoQ+xpyPWvjOuK72a5ovzp2LI32rJXOiIfyoFoYvG3s6EwwrdkMyWuRiEHSZRLJNdg=="
    },
    "mout": {
      "version": "0.11.1",
      "resolved": "https://registry.npmjs.org/mout/-/mout-0.11.1.tgz",
      "integrity": "sha1-ujYR318OWx/7/QEWa48C0fX6K5k="
    },
    "normalize-wheel": {
      "version": "1.0.1",
      "resolved": "https://registry.npmjs.org/normalize-wheel/-/normalize-wheel-1.0.1.tgz",
      "integrity": "sha1-rsiGr/2wRQcNhWRH32Ls+GFG7EU="
    },
    "printj": {
      "version": "1.1.2",
      "resolved": "https://registry.npmjs.org/printj/-/printj-1.1.2.tgz",
      "integrity": "sha512-zA2SmoLaxZyArQTOPj5LXecR+RagfPSU5Kw1qP+jkWeNlrq+eJZyY2oS68SU1Z/7/myXM4lo9716laOFAVStCQ=="
    },
    "regenerator-runtime": {
      "version": "0.11.1",
      "resolved": "https://registry.npmjs.org/regenerator-runtime/-/regenerator-runtime-0.11.1.tgz",
      "integrity": "sha512-MguG95oij0fC3QV3URf4V2SDYGJhJnJGqvIIgdECeODCT98wSWDAJ94SSuVpYQUoTcGUIL6L4yNB7j1DFFHSBg=="
    },
    "resize-detector": {
      "version": "0.2.2",
      "resolved": "https://registry.npmjs.org/resize-detector/-/resize-detector-0.2.2.tgz",
      "integrity": "sha512-X07ADfFqXoyfbx4/PSzr7EBF9e/RwrcS9UoPBMbau11agg5uad39ysMmXFCu0o5C3hhKbs0X/cSl85OwPIpZLQ=="
    },
    "resize-observer-polyfill": {
      "version": "1.5.1",
      "resolved": "https://registry.npmjs.org/resize-observer-polyfill/-/resize-observer-polyfill-1.5.1.tgz",
      "integrity": "sha512-LwZrotdHOo12nQuZlHEmtuXdqGoOD0OhaxopaNFxWzInpEgaLWoVuAMbTzixuosCx2nEG58ngzW3vxdWoxIgdg=="
    },
    "sortable.js": {
      "version": "0.3.0",
      "resolved": "https://registry.npmjs.org/sortable.js/-/sortable.js-0.3.0.tgz",
      "integrity": "sha1-1jwtRikyG9S8HYrTPIPyYHf4Ax0=",
      "requires": {
        "domhelpers": "^0.1.0",
        "mout": "^0.11.0"
      }
    },
    "sortablejs": {
      "version": "1.10.2",
      "resolved": "https://registry.npmjs.org/sortablejs/-/sortablejs-1.10.2.tgz",
      "integrity": "sha512-YkPGufevysvfwn5rfdlGyrGjt7/CRHwvRPogD/lC+TnvcN29jDpCifKP+rBqf+LRldfXSTh+0CGLcSg0VIxq3A=="
    },
    "ssf": {
      "version": "0.10.3",
      "resolved": "https://registry.npmjs.org/ssf/-/ssf-0.10.3.tgz",
      "integrity": "sha512-pRuUdW0WwyB2doSqqjWyzwCD6PkfxpHAHdZp39K3dp/Hq7f+xfMwNAWIi16DyrRg4gg9c/RvLYkJTSawTPTm1w==",
      "requires": {
        "frac": "~1.1.2"
      }
    },
    "throttle-debounce": {
      "version": "1.1.0",
      "resolved": "https://registry.npmjs.org/throttle-debounce/-/throttle-debounce-1.1.0.tgz",
      "integrity": "sha512-XH8UiPCQcWNuk2LYePibW/4qL97+ZQ1AN3FNXwZRBNPPowo/NRU5fAlDCSNBJIYCKbioZfuYtMhG4quqoJhVzg=="
    },
    "tinycolor2": {
      "version": "1.4.2",
      "resolved": "https://registry.npmjs.org/tinycolor2/-/tinycolor2-1.4.2.tgz",
      "integrity": "sha512-vJhccZPs965sV/L2sU4oRQVAos0pQXwsvTLkWYdqJ+a8Q5kPFzJTuOFwy7UniPli44NKQGAglksjvOcpo95aZA=="
    },
    "tippy.js": {
      "version": "6.2.7",
      "resolved": "https://registry.npmjs.org/tippy.js/-/tippy.js-6.2.7.tgz",
      "integrity": "sha512-k+kWF9AJz5xLQHBi3K/XlmJiyu+p9gsCyc5qZhxxGaJWIW8SMjw1R+C7saUnP33IM8gUhDA2xX//ejRSwqR0tA==",
      "requires": {
        "@popperjs/core": "^2.4.4"
      }
    },
    "vue": {
      "version": "2.6.10",
      "resolved": "https://registry.npmjs.org/vue/-/vue-2.6.10.tgz",
      "integrity": "sha512-ImThpeNU9HbdZL3utgMCq0oiMzAkt1mcgy3/E6zWC/G6AaQoeuFdsl9nDhTDU3X1R6FK7nsIUuRACVcjI+A2GQ=="
    },
    "vue-class-component": {
      "version": "7.2.3",
      "resolved": "https://registry.npmjs.org/vue-class-component/-/vue-class-component-7.2.3.tgz",
      "integrity": "sha512-oEqYpXKaFN+TaXU+mRLEx8dX0ah85aAJEe61mpdoUrq0Bhe/6sWhyZX1JjMQLhVsHAkncyhedhmCdDVSasUtDw=="
    },
    "vue-i18n": {
      "version": "8.17.5",
      "resolved": "https://registry.npmjs.org/vue-i18n/-/vue-i18n-8.17.5.tgz",
      "integrity": "sha512-gijXwvyTH3aeJhuq8EoQ9SDDlm1mgJexNccSK1ctalxsa6C7ifbWiH7V/YGfm9WJ7udYoD8ezfZdazxxvKvKYw=="
    },
    "vue-property-decorator": {
      "version": "8.4.2",
      "resolved": "https://registry.npmjs.org/vue-property-decorator/-/vue-property-decorator-8.4.2.tgz",
      "integrity": "sha512-IqbARlvgPE2pzKfbecKxsu2yEH0Wv7hfHR6m4eZA3LTnNw9hveAX77vDfLFyTeMISS5N7Kucp/xRSHjcQ6bAfQ==",
      "requires": {
        "vue-class-component": "^7.1.0"
      }
    },
    "vue-router": {
      "version": "3.1.6",
      "resolved": "https://registry.npmjs.org/vue-router/-/vue-router-3.1.6.tgz",
      "integrity": "sha512-GYhn2ynaZlysZMkFE5oCHRUTqE8BWs/a9YbKpNLi0i7xD6KG1EzDqpHQmv1F5gXjr8kL5iIVS8EOtRaVUEXTqA=="
    },
    "vue-tsx-support": {
      "version": "3.1.0",
      "resolved": "https://registry.npmjs.org/vue-tsx-support/-/vue-tsx-support-3.1.0.tgz",
      "integrity": "sha512-zkdsR4lPRHUYs5hsAErSo7NunkFpgW2MprsH7ePCO6beGEYd/1KdLTA8CALZuUVkohnabEPe2Jcx8bMeeHZZ8g==",
      "dev": true
    },
    "vuedraggable": {
      "version": "2.24.3",
      "resolved": "https://registry.npmjs.org/vuedraggable/-/vuedraggable-2.24.3.tgz",
      "integrity": "sha512-6/HDXi92GzB+Hcs9fC6PAAozK1RLt1ewPTLjK0anTYguXLAeySDmcnqE8IC0xa7shvSzRjQXq3/+dsZ7ETGF3g==",
      "requires": {
        "sortablejs": "1.10.2"
      }
    },
    "vuex": {
      "version": "3.4.0",
      "resolved": "https://registry.npmjs.org/vuex/-/vuex-3.4.0.tgz",
      "integrity": "sha512-ajtqwEW/QhnrBZQsZxCLHThZZaa+Db45c92Asf46ZDXu6uHXgbfVuBaJ4gzD2r4UX0oMJHstFwd2r2HM4l8umg=="
    },
    "vuex-module-decorators": {
      "version": "0.17.0",
      "resolved": "https://registry.npmjs.org/vuex-module-decorators/-/vuex-module-decorators-0.17.0.tgz",
      "integrity": "sha512-EFzrR3oyRMTHwpIgYzhW0BVKD71+FBs2U5Mn/ZQwlsaPyROZexDXTZTSYOYeuwg0kqQsK/YBkG4sQ8B4jmVMPg=="
    },
    "wmf": {
      "version": "1.0.2",
      "resolved": "https://registry.npmjs.org/wmf/-/wmf-1.0.2.tgz",
      "integrity": "sha512-/p9K7bEh0Dj6WbXg4JG0xvLQmIadrner1bi45VMJTfnbVHsc7yIajZyoSoK60/dtVBs12Fm6WkUI5/3WAVsNMw=="
    },
    "xlsx": {
      "version": "0.15.6",
      "resolved": "https://registry.npmjs.org/xlsx/-/xlsx-0.15.6.tgz",
      "integrity": "sha512-7vD9eutyLs65iDjNFimVN+gk/oDkfkCgpQUjdE82QgzJCrBHC4bGPH7fzKVyy0UPp3gyFVQTQEFJaWaAvZCShQ==",
      "requires": {
        "adler-32": "~1.2.0",
        "cfb": "^1.1.4",
        "codepage": "~1.14.0",
        "commander": "~2.17.1",
        "crc-32": "~1.2.0",
        "exit-on-epipe": "~1.0.1",
        "ssf": "~0.10.3",
        "wmf": "~1.0.1"
      }
    }
  }
}
